go.kacmar.sk/debuginfod v0.5.0 h1:aT40g5r7cBDULWhCTtEsf3Q7CQRv2LEE4iFBA6EgfAQ=
go.kacmar.sk/debuginfod v0.5.0/go.mod h1:NQnca2PJtDTclDxS2v0kBX0A0r6ioiapK7ISOi0ya6I=
golang.org/x/sync v0.22.0 h1:SZjpbeLmrCk4xhRSZFNZW5gFUeCeFgjekvI/+gfScek=
golang.org/x/sync v0.22.0/go.mod h1:9xrNwdLfx4jkKbNva9FpL6vEN7evnE43NNNJQ2LF3+0=
